// !$*UTF8*$!
{
	archiveVersion = 1;
	classes = {
	};
	objectVersion = 55;
	objects = {

/* Begin PBXBuildFile section */
		5133891D288CC92800578DFF /* LearningView.swift in Sources */ = {isa = PBXBuildFile; fileRef = 5133891C288CC92800578DFF /* LearningView.swift */; };
		5133891F288CF7A200578DFF /* ResourceListView.swift in Sources */ = {isa = PBXBuildFile; fileRef = 5133891E288CF7A200578DFF /* ResourceListView.swift */; };
		51338921288CF7E300578DFF /* ResourceModel.swift in Sources */ = {isa = PBXBuildFile; fileRef = 51338920288CF7E300578DFF /* ResourceModel.swift */; };
		51338923288CFBD700578DFF /* TimerView.swift in Sources */ = {isa = PBXBuildFile; fileRef = 51338922288CFBD700578DFF /* TimerView.swift */; };
		51338925288D181800578DFF /* LearningHeader.swift in Sources */ = {isa = PBXBuildFile; fileRef = 51338924288D181800578DFF /* LearningHeader.swift */; };
		51B9FAE928891D52001153EF /* trackeeApp.swift in Sources */ = {isa = PBXBuildFile; fileRef = 51B9FAE828891D52001153EF /* trackeeApp.swift */; };
		51B9FAEB28891D52001153EF /* ContentView.swift in Sources */ = {isa = PBXBuildFile; fileRef = 51B9FAEA28891D52001153EF /* ContentView.swift */; };
		51B9FAED28891D53001153EF /* Assets.xcassets in Resources */ = {isa = PBXBuildFile; fileRef = 51B9FAEC28891D53001153EF /* Assets.xcassets */; };
		51B9FAF028891D53001153EF /* Preview Assets.xcassets in Resources */ = {isa = PBXBuildFile; fileRef = 51B9FAEF28891D53001153EF /* Preview Assets.xcassets */; };
		51B9FAF228891D53001153EF /* Persistence.swift in Sources */ = {isa = PBXBuildFile; fileRef = 51B9FAF128891D53001153EF /* Persistence.swift */; };
		51B9FAF528891D53001153EF /* trackee.xcdatamodeld in Sources */ = {isa = PBXBuildFile; fileRef = 51B9FAF328891D53001153EF /* trackee.xcdatamodeld */; };
		51B9FB00288A3740001153EF /* InputNameView.swift in Sources */ = {isa = PBXBuildFile; fileRef = 51B9FAFF288A3740001153EF /* InputNameView.swift */; };
		51B9FB02288A39B2001153EF /* SizeHelper.swift in Sources */ = {isa = PBXBuildFile; fileRef = 51B9FB01288A39B2001153EF /* SizeHelper.swift */; };
		51B9FB07288A56D8001153EF /* TextDescription.swift in Sources */ = {isa = PBXBuildFile; fileRef = 51B9FB06288A56D8001153EF /* TextDescription.swift */; };
		51B9FB09288A57C2001153EF /* OnboardImage.swift in Sources */ = {isa = PBXBuildFile; fileRef = 51B9FB08288A57C2001153EF /* OnboardImage.swift */; };
		51B9FB0B288A5981001153EF /* LogoView.swift in Sources */ = {isa = PBXBuildFile; fileRef = 51B9FB0A288A5981001153EF /* LogoView.swift */; };
		51B9FB11288BAC61001153EF /* DashboardView.swift in Sources */ = {isa = PBXBuildFile; fileRef = 51B9FB10288BAC61001153EF /* DashboardView.swift */; };
		51B9FB15288BB057001153EF /* CardComponent.swift in Sources */ = {isa = PBXBuildFile; fileRef = 51B9FB14288BB057001153EF /* CardComponent.swift */; };
		51B9FB17288BC0C4001153EF /* LearningModel.swift in Sources */ = {isa = PBXBuildFile; fileRef = 51B9FB16288BC0C4001153EF /* LearningModel.swift */; };
		51B9FB1B288C017B001153EF /* DashboardHeader.swift in Sources */ = {isa = PBXBuildFile; fileRef = 51B9FB1A288C017B001153EF /* DashboardHeader.swift */; };
/* End PBXBuildFile section */

/* Begin PBXFileReference section */
		5133891C288CC92800578DFF /* LearningView.swift */ = {isa = PBXFileReference; lastKnownFileType = sourcecode.swift; path = LearningView.swift; sourceTree = "<group>"; };
		5133891E288CF7A200578DFF /* ResourceListView.swift */ = {isa = PBXFileReference; lastKnownFileType = sourcecode.swift; path = ResourceListView.swift; sourceTree = "<group>"; };
		51338920288CF7E300578DFF /* ResourceModel.swift */ = {isa = PBXFileReference; lastKnownFileType = sourcecode.swift; path = ResourceModel.swift; sourceTree = "<group>"; };
		51338922288CFBD700578DFF /* TimerView.swift */ = {isa = PBXFileReference; lastKnownFileType = sourcecode.swift; path = TimerView.swift; sourceTree = "<group>"; };
		51338924288D181800578DFF /* LearningHeader.swift */ = {isa = PBXFileReference; lastKnownFileType = sourcecode.swift; path = LearningHeader.swift; sourceTree = "<group>"; };
		51B9FAE528891D52001153EF /* trackee.app */ = {isa = PBXFileReference; explicitFileType = wrapper.application; includeInIndex = 0; path = trackee.app; sourceTree = BUILT_PRODUCTS_DIR; };
		51B9FAE828891D52001153EF /* trackeeApp.swift */ = {isa = PBXFileReference; lastKnownFileType = sourcecode.swift; path = trackeeApp.swift; sourceTree = "<group>"; };
		51B9FAEA28891D52001153EF /* ContentView.swift */ = {isa = PBXFileReference; lastKnownFileType = sourcecode.swift; path = ContentView.swift; sourceTree = "<group>"; };
		51B9FAEC28891D53001153EF /* Assets.xcassets */ = {isa = PBXFileReference; lastKnownFileType = folder.assetcatalog; path = Assets.xcassets; sourceTree = "<group>"; };
		51B9FAEF28891D53001153EF /* Preview Assets.xcassets */ = {isa = PBXFileReference; lastKnownFileType = folder.assetcatalog; path = "Preview Assets.xcassets"; sourceTree = "<group>"; };
		51B9FAF128891D53001153EF /* Persistence.swift */ = {isa = PBXFileReference; lastKnownFileType = sourcecode.swift; path = Persistence.swift; sourceTree = "<group>"; };
		51B9FAF428891D53001153EF /* trackee.xcdatamodel */ = {isa = PBXFileReference; lastKnownFileType = wrapper.xcdatamodel; path = trackee.xcdatamodel; sourceTree = "<group>"; };
		51B9FAFF288A3740001153EF /* InputNameView.swift */ = {isa = PBXFileReference; lastKnownFileType = sourcecode.swift; path = InputNameView.swift; sourceTree = "<group>"; };
		51B9FB01288A39B2001153EF /* SizeHelper.swift */ = {isa = PBXFileReference; lastKnownFileType = sourcecode.swift; path = SizeHelper.swift; sourceTree = "<group>"; };
		51B9FB06288A56D8001153EF /* TextDescription.swift */ = {isa = PBXFileReference; lastKnownFileType = sourcecode.swift; path = TextDescription.swift; sourceTree = "<group>"; };
		51B9FB08288A57C2001153EF /* OnboardImage.swift */ = {isa = PBXFileReference; lastKnownFileType = sourcecode.swift; path = OnboardImage.swift; sourceTree = "<group>"; };
		51B9FB0A288A5981001153EF /* LogoView.swift */ = {isa = PBXFileReference; lastKnownFileType = sourcecode.swift; path = LogoView.swift; sourceTree = "<group>"; };
		51B9FB10288BAC61001153EF /* DashboardView.swift */ = {isa = PBXFileReference; lastKnownFileType = sourcecode.swift; path = DashboardView.swift; sourceTree = "<group>"; };
		51B9FB14288BB057001153EF /* CardComponent.swift */ = {isa = PBXFileReference; lastKnownFileType = sourcecode.swift; path = CardComponent.swift; sourceTree = "<group>"; };
		51B9FB16288BC0C4001153EF /* LearningModel.swift */ = {isa = PBXFileReference; lastKnownFileType = sourcecode.swift; path = LearningModel.swift; sourceTree = "<group>"; };
		51B9FB1A288C017B001153EF /* DashboardHeader.swift */ = {isa = PBXFileReference; lastKnownFileType = sourcecode.swift; path = DashboardHeader.swift; sourceTree = "<group>"; };
/* End PBXFileReference section */

/* Begin PBXFrameworksBuildPhase section */
		51B9FAE228891D52001153EF /* Frameworks */ = {
			isa = PBXFrameworksBuildPhase;
			buildActionMask = 2147483647;
			files = (
			);
			runOnlyForDeploymentPostprocessing = 0;
		};
/* End PBXFrameworksBuildPhase section */

/* Begin PBXGroup section */
		5133891B288CC90F00578DFF /* Learning View */ = {
			isa = PBXGroup;
			children = (
				5133891C288CC92800578DFF /* LearningView.swift */,
				5133891E288CF7A200578DFF /* ResourceListView.swift */,
				51338922288CFBD700578DFF /* TimerView.swift */,
				51338924288D181800578DFF /* LearningHeader.swift */,
			);
			path = "Learning View";
			sourceTree = "<group>";
		};
		51B9FADC28891D52001153EF = {
			isa = PBXGroup;
			children = (
				51B9FAE728891D52001153EF /* trackee */,
				51B9FAE628891D52001153EF /* Products */,
			);
			sourceTree = "<group>";
		};
		51B9FAE628891D52001153EF /* Products */ = {
			isa = PBXGroup;
			children = (
				51B9FAE528891D52001153EF /* trackee.app */,
			);
			name = Products;
			sourceTree = "<group>";
		};
		51B9FAE728891D52001153EF /* trackee */ = {
			isa = PBXGroup;
			children = (
				51B9FB05288A4C6A001153EF /* Helper */,
				51B9FB0D288BABF4001153EF /* Model */,
				51B9FAFE288A3724001153EF /* Welcome View */,
				51B9FB0E288BAC2F001153EF /* Dashboard */,
				5133891B288CC90F00578DFF /* Learning View */,
				51B9FAE828891D52001153EF /* trackeeApp.swift */,
				51B9FAEA28891D52001153EF /* ContentView.swift */,
				51B9FAEC28891D53001153EF /* Assets.xcassets */,
				51B9FAF128891D53001153EF /* Persistence.swift */,
				51B9FAF328891D53001153EF /* trackee.xcdatamodeld */,
				51B9FAEE28891D53001153EF /* Preview Content */,
			);
			path = trackee;
			sourceTree = "<group>";
		};
		51B9FAEE28891D53001153EF /* Preview Content */ = {
			isa = PBXGroup;
			children = (
				51B9FAEF28891D53001153EF /* Preview Assets.xcassets */,
			);
			path = "Preview Content";
			sourceTree = "<group>";
		};
		51B9FAFE288A3724001153EF /* Welcome View */ = {
			isa = PBXGroup;
			children = (
				51B9FB0C288BABCF001153EF /* View */,
			);
			path = "Welcome View";
			sourceTree = "<group>";
		};
		51B9FB05288A4C6A001153EF /* Helper */ = {
			isa = PBXGroup;
			children = (
				51B9FB01288A39B2001153EF /* SizeHelper.swift */,
			);
			path = Helper;
			sourceTree = "<group>";
		};
		51B9FB0C288BABCF001153EF /* View */ = {
			isa = PBXGroup;
			children = (
				51B9FB06288A56D8001153EF /* TextDescription.swift */,
				51B9FB08288A57C2001153EF /* OnboardImage.swift */,
				51B9FB0A288A5981001153EF /* LogoView.swift */,
				51B9FAFF288A3740001153EF /* InputNameView.swift */,
			);
			path = View;
			sourceTree = "<group>";
		};
		51B9FB0D288BABF4001153EF /* Model */ = {
			isa = PBXGroup;
			children = (
				51B9FB16288BC0C4001153EF /* LearningModel.swift */,
				51338920288CF7E300578DFF /* ResourceModel.swift */,
			);
			path = Model;
			sourceTree = "<group>";
		};
		51B9FB0E288BAC2F001153EF /* Dashboard */ = {
			isa = PBXGroup;
			children = (
				51B9FB10288BAC61001153EF /* DashboardView.swift */,
				51B9FB14288BB057001153EF /* CardComponent.swift */,
				51B9FB1A288C017B001153EF /* DashboardHeader.swift */,
			);
			path = Dashboard;
			sourceTree = "<group>";
		};
/* End PBXGroup section */

/* Begin PBXNativeTarget section */
		51B9FAE428891D52001153EF /* trackee */ = {
			isa = PBXNativeTarget;
			buildConfigurationList = 51B9FAF828891D53001153EF /* Build configuration list for PBXNativeTarget "trackee" */;
			buildPhases = (
				51B9FAE128891D52001153EF /* Sources */,
				51B9FAE228891D52001153EF /* Frameworks */,
				51B9FAE328891D52001153EF /* Resources */,
			);
			buildRules = (
			);
			dependencies = (
			);
			name = trackee;
			productName = trackee;
			productReference = 51B9FAE528891D52001153EF /* trackee.app */;
			productType = "com.apple.product-type.application";
		};
/* End PBXNativeTarget section */

/* Begin PBXProject section */
		51B9FADD28891D52001153EF /* Project object */ = {
			isa = PBXProject;
			attributes = {
				BuildIndependentTargetsInParallel = 1;
				LastSwiftUpdateCheck = 1340;
				LastUpgradeCheck = 1340;
				TargetAttributes = {
					51B9FAE428891D52001153EF = {
						CreatedOnToolsVersion = 13.4.1;
					};
				};
			};
			buildConfigurationList = 51B9FAE028891D52001153EF /* Build configuration list for PBXProject "trackee" */;
			compatibilityVersion = "Xcode 13.0";
			developmentRegion = en;
			hasScannedForEncodings = 0;
			knownRegions = (
				en,
				Base,
			);
			mainGroup = 51B9FADC28891D52001153EF;
			productRefGroup = 51B9FAE628891D52001153EF /* Products */;
			projectDirPath = "";
			projectRoot = "";
			targets = (
				51B9FAE428891D52001153EF /* trackee */,
			);
		};
/* End PBXProject section */

/* Begin PBXResourcesBuildPhase section */
		51B9FAE328891D52001153EF /* Resources */ = {
			isa = PBXResourcesBuildPhase;
			buildActionMask = 2147483647;
			files = (
				51B9FAF028891D53001153EF /* Preview Assets.xcassets in Resources */,
				51B9FAED28891D53001153EF /* Assets.xcassets in Resources */,
			);
			runOnlyForDeploymentPostprocessing = 0;
		};
/* End PBXResourcesBuildPhase section */

/* Begin PBXSourcesBuildPhase section */
		51B9FAE128891D52001153EF /* Sources */ = {
			isa = PBXSourcesBuildPhase;
			buildActionMask = 2147483647;
			files = (
				51B9FB1B288C017B001153EF /* DashboardHeader.swift in Sources */,
				51B9FAF228891D53001153EF /* Persistence.swift in Sources */,
				51338925288D181800578DFF /* LearningHeader.swift in Sources */,
				51B9FB0B288A5981001153EF /* LogoView.swift in Sources */,
				51B9FB07288A56D8001153EF /* TextDescription.swift in Sources */,
				51B9FB09288A57C2001153EF /* OnboardImage.swift in Sources */,
				51B9FAEB28891D52001153EF /* ContentView.swift in Sources */,
				51B9FB00288A3740001153EF /* InputNameView.swift in Sources */,
				51338923288CFBD700578DFF /* TimerView.swift in Sources */,
				51338921288CF7E300578DFF /* ResourceModel.swift in Sources */,
				5133891F288CF7A200578DFF /* ResourceListView.swift in Sources */,
				51B9FAE928891D52001153EF /* trackeeApp.swift in Sources */,
				51B9FB17288BC0C4001153EF /* LearningModel.swift in Sources */,
				51B9FB11288BAC61001153EF /* DashboardView.swift in Sources */,
				51B9FB02288A39B2001153EF /* SizeHelper.swift in Sources */,
				51B9FB15288BB057001153EF /* CardComponent.swift in Sources */,
				5133891D288CC92800578DFF /* LearningView.swift in Sources */,
				51B9FAF528891D53001153EF /* trackee.xcdatamodeld in Sources */,
			);
			runOnlyForDeploymentPostprocessing = 0;
		};
/* End PBXSourcesBuildPhase section */

/* Begin XCBuildConfiguration section */
		51B9FAF628891D53001153EF /* Debug */ = {
			isa = XCBuildConfiguration;
			buildSettings = {
				ALWAYS_SEARCH_USER_PATHS = NO;
				CLANG_ANALYZER_NONNULL = YES;
				CLANG_ANALYZER_NUMBER_OBJECT_CONVERSION = YES_AGGRESSIVE;
				CLANG_CXX_LANGUAGE_STANDARD = "gnu++17";
				CLANG_ENABLE_MODULES = YES;
				CLANG_ENABLE_OBJC_ARC = YES;
				CLANG_ENABLE_OBJC_WEAK = YES;
				CLANG_WARN_BLOCK_CAPTURE_AUTORELEASING = YES;
				CLANG_WARN_BOOL_CONVERSION = YES;
				CLANG_WARN_COMMA = YES;
				CLANG_WARN_CONSTANT_CONVERSION = YES;
				CLANG_WARN_DEPRECATED_OBJC_IMPLEMENTATIONS = YES;
				CLANG_WARN_DIRECT_OBJC_ISA_USAGE = YES_ERROR;
				CLANG_WARN_DOCUMENTATION_COMMENTS = YES;
				CLANG_WARN_EMPTY_BODY = YES;
				CLANG_WARN_ENUM_CONVERSION = YES;
				CLANG_WARN_INFINITE_RECURSION = YES;
				CLANG_WARN_INT_CONVERSION = YES;
				CLANG_WARN_NON_LITERAL_NULL_CONVERSION = YES;
				CLANG_WARN_OBJC_IMPLICIT_RETAIN_SELF = YES;
				CLANG_WARN_OBJC_LITERAL_CONVERSION = YES;
				CLANG_WARN_OBJC_ROOT_CLASS = YES_ERROR;
				CLANG_WARN_QUOTED_INCLUDE_IN_FRAMEWORK_HEADER = YES;
				CLANG_WARN_RANGE_LOOP_ANALYSIS = YES;
				CLANG_WARN_STRICT_PROTOTYPES = YES;
				CLANG_WARN_SUSPICIOUS_MOVE = YES;
				CLANG_WARN_UNGUARDED_AVAILABILITY = YES_AGGRESSIVE;
				CLANG_WARN_UNREACHABLE_CODE = YES;
				CLANG_WARN__DUPLICATE_METHOD_MATCH = YES;
				COPY_PHASE_STRIP = NO;
				DEBUG_INFORMATION_FORMAT = dwarf;
				ENABLE_STRICT_OBJC_MSGSEND = YES;
				ENABLE_TESTABILITY = YES;
				GCC_C_LANGUAGE_STANDARD = gnu11;
				GCC_DYNAMIC_NO_PIC = NO;
				GCC_NO_COMMON_BLOCKS = YES;
				GCC_OPTIMIZATION_LEVEL = 0;
				GCC_PREPROCESSOR_DEFINITIONS = (
					"DEBUG=1",
					"$(inherited)",
				);
				GCC_WARN_64_TO_32_BIT_CONVERSION = YES;
				GCC_WARN_ABOUT_RETURN_TYPE = YES_ERROR;
				GCC_WARN_UNDECLARED_SELECTOR = YES;
				GCC_WARN_UNINITIALIZED_AUTOS = YES_AGGRESSIVE;
				GCC_WARN_UNUSED_FUNCTION = YES;
				GCC_WARN_UNUSED_VARIABLE = YES;
				IPHONEOS_DEPLOYMENT_TARGET = 15.5;
				MTL_ENABLE_DEBUG_INFO = INCLUDE_SOURCE;
				MTL_FAST_MATH = YES;
				ONLY_ACTIVE_ARCH = YES;
				SDKROOT = iphoneos;
				SWIFT_ACTIVE_COMPILATION_CONDITIONS = DEBUG;
				SWIFT_OPTIMIZATION_LEVEL = "-Onone";
			};
			name = Debug;
		};
		51B9FAF728891D53001153EF /* Release */ = {
			isa = XCBuildConfiguration;
			buildSettings = {
				ALWAYS_SEARCH_USER_PATHS = NO;
				CLANG_ANALYZER_NONNULL = YES;
				CLANG_ANALYZER_NUMBER_OBJECT_CONVERSION = YES_AGGRESSIVE;
				CLANG_CXX_LANGUAGE_STANDARD = "gnu++17";
				CLANG_ENABLE_MODULES = YES;
				CLANG_ENABLE_OBJC_ARC = YES;
				CLANG_ENABLE_OBJC_WEAK = YES;
				CLANG_WARN_BLOCK_CAPTURE_AUTORELEASING = YES;
				CLANG_WARN_BOOL_CONVERSION = YES;
				CLANG_WARN_COMMA = YES;
				CLANG_WARN_CONSTANT_CONVERSION = YES;
				CLANG_WARN_DEPRECATED_OBJC_IMPLEMENTATIONS = YES;
				CLANG_WARN_DIRECT_OBJC_ISA_USAGE = YES_ERROR;
				CLANG_WARN_DOCUMENTATION_COMMENTS = YES;
				CLANG_WARN_EMPTY_BODY = YES;
				CLANG_WARN_ENUM_CONVERSION = YES;
				CLANG_WARN_INFINITE_RECURSION = YES;
				CLANG_WARN_INT_CONVERSION = YES;
				CLANG_WARN_NON_LITERAL_NULL_CONVERSION = YES;
				CLANG_WARN_OBJC_IMPLICIT_RETAIN_SELF = YES;
				CLANG_WARN_OBJC_LITERAL_CONVERSION = YES;
				CLANG_WARN_OBJC_ROOT_CLASS = YES_ERROR;
				CLANG_WARN_QUOTED_INCLUDE_IN_FRAMEWORK_HEADER = YES;
				CLANG_WARN_RANGE_LOOP_ANALYSIS = YES;
				CLANG_WARN_STRICT_PROTOTYPES = YES;
				CLANG_WARN_SUSPICIOUS_MOVE = YES;
				CLANG_WARN_UNGUARDED_AVAILABILITY = YES_AGGRESSIVE;
				CLANG_WARN_UNREACHABLE_CODE = YES;
				CLANG_WARN__DUPLICATE_METHOD_MATCH = YES;
				COPY_PHASE_STRIP = NO;
				DEBUG_INFORMATION_FORMAT = "dwarf-with-dsym";
				ENABLE_NS_ASSERTIONS = NO;
				ENABLE_STRICT_OBJC_MSGSEND = YES;
				GCC_C_LANGUAGE_STANDARD = gnu11;
				GCC_NO_COMMON_BLOCKS = YES;
				GCC_WARN_64_TO_32_BIT_CONVERSION = YES;
				GCC_WARN_ABOUT_RETURN_TYPE = YES_ERROR;
				GCC_WARN_UNDECLARED_SELECTOR = YES;
				GCC_WARN_UNINITIALIZED_AUTOS = YES_AGGRESSIVE;
				GCC_WARN_UNUSED_FUNCTION = YES;
				GCC_WARN_UNUSED_VARIABLE = YES;
				IPHONEOS_DEPLOYMENT_TARGET = 15.5;
				MTL_ENABLE_DEBUG_INFO = NO;
				MTL_FAST_MATH = YES;
				SDKROOT = iphoneos;
				SWIFT_COMPILATION_MODE = wholemodule;
				SWIFT_OPTIMIZATION_LEVEL = "-O";
				VALIDATE_PRODUCT = YES;
			};
			name = Release;
		};
		51B9FAF928891D53001153EF /* Debug */ = {
			isa = XCBuildConfiguration;
			buildSettings = {
				ASSETCATALOG_COMPILER_APPICON_NAME = AppIcon;
				ASSETCATALOG_COMPILER_GLOBAL_ACCENT_COLOR_NAME = AccentColor;
				CODE_SIGN_STYLE = Automatic;
				CURRENT_PROJECT_VERSION = 1;
				DEVELOPMENT_ASSET_PATHS = "\"trackee/Preview Content\"";
				DEVELOPMENT_TEAM = SHR59DG262;
				ENABLE_PREVIEWS = YES;
				GENERATE_INFOPLIST_FILE = YES;
				INFOPLIST_KEY_UIApplicationSceneManifest_Generation = YES;
				INFOPLIST_KEY_UIApplicationSupportsIndirectInputEvents = YES;
				INFOPLIST_KEY_UILaunchScreen_Generation = YES;
				INFOPLIST_KEY_UISupportedInterfaceOrientations_iPad = "UIInterfaceOrientationPortrait UIInterfaceOrientationPortraitUpsideDown UIInterfaceOrientationLandscapeLeft UIInterfaceOrientationLandscapeRight";
				INFOPLIST_KEY_UISupportedInterfaceOrientations_iPhone = "UIInterfaceOrientationPortrait UIInterfaceOrientationLandscapeLeft UIInterfaceOrientationLandscapeRight";
				LD_RUNPATH_SEARCH_PATHS = (
					"$(inherited)",
					"@executable_path/Frameworks",
				);
				MARKETING_VERSION = 1.0;
				PRODUCT_BUNDLE_IDENTIFIER = com.jonathanRicky.trackee;
				PRODUCT_NAME = "$(TARGET_NAME)";
				SWIFT_EMIT_LOC_STRINGS = YES;
				SWIFT_VERSION = 5.0;
				TARGETED_DEVICE_FAMILY = "1,2";
			};
			name = Debug;
		};
		51B9FAFA28891D53001153EF /* Release */ = {
			isa = XCBuildConfiguration;
			buildSettings = {
				ASSETCATALOG_COMPILER_APPICON_NAME = AppIcon;
				ASSETCATALOG_COMPILER_GLOBAL_ACCENT_COLOR_NAME = AccentColor;
				CODE_SIGN_STYLE = Automatic;
				CURRENT_PROJECT_VERSION = 1;
				DEVELOPMENT_ASSET_PATHS = "\"trackee/Preview Content\"";
				DEVELOPMENT_TEAM = SHR59DG262;
				ENABLE_PREVIEWS = YES;
				GENERATE_INFOPLIST_FILE = YES;
				INFOPLIST_KEY_UIApplicationSceneManifest_Generation = YES;
				INFOPLIST_KEY_UIApplicationSupportsIndirectInputEvents = YES;
				INFOPLIST_KEY_UILaunchScreen_Generation = YES;
				INFOPLIST_KEY_UISupportedInterfaceOrientations_iPad = "UIInterfaceOrientationPortrait UIInterfaceOrientationPortraitUpsideDown UIInterfaceOrientationLandscapeLeft UIInterfaceOrientationLandscapeRight";
				INFOPLIST_KEY_UISupportedInterfaceOrientations_iPhone = "UIInterfaceOrientationPortrait UIInterfaceOrientationLandscapeLeft UIInterfaceOrientationLandscapeRight";
				LD_RUNPATH_SEARCH_PATHS = (
					"$(inherited)",
					"@executable_path/Frameworks",
				);
				MARKETING_VERSION = 1.0;
				PRODUCT_BUNDLE_IDENTIFIER = com.jonathanRicky.trackee;
				PRODUCT_NAME = "$(TARGET_NAME)";
				SWIFT_EMIT_LOC_STRINGS = YES;
				SWIFT_VERSION = 5.0;
				TARGETED_DEVICE_FAMILY = "1,2";
			};
			name = Release;
		};
/* End XCBuildConfiguration section */

/* Begin XCConfigurationList section */
		51B9FAE028891D52001153EF /* Build configuration list for PBXProject "trackee" */ = {
			isa = XCConfigurationList;
			buildConfigurations = (
				51B9FAF628891D53001153EF /* Debug */,
				51B9FAF728891D53001153EF /* Release */,
			);
			defaultConfigurationIsVisible = 0;
			defaultConfigurationName = Release;
		};
		51B9FAF828891D53001153EF /* Build configuration list for PBXNativeTarget "trackee" */ = {
			isa = XCConfigurationList;
			buildConfigurations = (
				51B9FAF928891D53001153EF /* Debug */,
				51B9FAFA28891D53001153EF /* Release */,
			);
			defaultConfigurationIsVisible = 0;
			defaultConfigurationName = Release;
		};
/* End XCConfigurationList section */

/* Begin XCVersionGroup section */
		51B9FAF328891D53001153EF /* trackee.xcdatamodeld */ = {
			isa = XCVersionGroup;
			children = (
				51B9FAF428891D53001153EF /* trackee.xcdatamodel */,
			);
			currentVersion = 51B9FAF428891D53001153EF /* trackee.xcdatamodel */;
			path = trackee.xcdatamodeld;
			sourceTree = "<group>";
			versionGroupType = wrapper.xcdatamodel;
		};
/* End XCVersionGroup section */
	};
	rootObject = 51B9FADD28891D52001153EF /* Project object */;
}
